// !$*UTF8*$!
{
	archiveVersion = 1;
	classes = {
	};
	objectVersion = 55;
	objects = {

/* Begin PBXBuildFile section */
		1731872327E0DFCC003B2489 /* MatchView.swift in Sources */ = {isa = PBXBuildFile; fileRef = 1731872227E0DFCC003B2489 /* MatchView.swift */; };
		179A13002819583600B9D737 /* MatchDetailsView.swift in Sources */ = {isa = PBXBuildFile; fileRef = 179A12FF2819583600B9D737 /* MatchDetailsView.swift */; };
		17DB50A327C63F630062C2CF /* ESportsHubApp.swift in Sources */ = {isa = PBXBuildFile; fileRef = 17DB50A227C63F630062C2CF /* ESportsHubApp.swift */; };
		17DB50A727C63F670062C2CF /* Assets.xcassets in Resources */ = {isa = PBXBuildFile; fileRef = 17DB50A627C63F670062C2CF /* Assets.xcassets */; };
		17DB50AA27C63F670062C2CF /* Preview Assets.xcassets in Resources */ = {isa = PBXBuildFile; fileRef = 17DB50A927C63F670062C2CF /* Preview Assets.xcassets */; };
		17DB50B327C66ADB0062C2CF /* APIError.swift in Sources */ = {isa = PBXBuildFile; fileRef = 17DB50B127C66ADB0062C2CF /* APIError.swift */; };
		17DB50B427C66ADB0062C2CF /* APIService.swift in Sources */ = {isa = PBXBuildFile; fileRef = 17DB50B227C66ADB0062C2CF /* APIService.swift */; };
		17DB50B627C66BE30062C2CF /* APIRequest.swift in Sources */ = {isa = PBXBuildFile; fileRef = 17DB50B527C66BE30062C2CF /* APIRequest.swift */; };
		17DB50B827C66FF80062C2CF /* APICreds.swift in Sources */ = {isa = PBXBuildFile; fileRef = 17DB50B727C66FF80062C2CF /* APICreds.swift */; };
		17DB50BA27C679490062C2CF /* DotaMatchModel.swift in Sources */ = {isa = PBXBuildFile; fileRef = 17DB50B927C679490062C2CF /* DotaMatchModel.swift */; };
		17DB50BD27C67E810062C2CF /* MatchesView.swift in Sources */ = {isa = PBXBuildFile; fileRef = 17DB50BC27C67E810062C2CF /* MatchesView.swift */; };
		17DB50C027C67F510062C2CF /* MatchesViewModel.swift in Sources */ = {isa = PBXBuildFile; fileRef = 17DB50BF27C67F510062C2CF /* MatchesViewModel.swift */; };
		17DB50C827C6900F0062C2CF /* MainViewModel.swift in Sources */ = {isa = PBXBuildFile; fileRef = 17DB50C627C6900F0062C2CF /* MainViewModel.swift */; };
		17DB50C927C6900F0062C2CF /* MainView.swift in Sources */ = {isa = PBXBuildFile; fileRef = 17DB50C727C6900F0062C2CF /* MainView.swift */; };
/* End PBXBuildFile section */

/* Begin PBXFileReference section */
		1731872227E0DFCC003B2489 /* MatchView.swift */ = {isa = PBXFileReference; lastKnownFileType = sourcecode.swift; path = MatchView.swift; sourceTree = "<group>"; };
		179A12FF2819583600B9D737 /* MatchDetailsView.swift */ = {isa = PBXFileReference; lastKnownFileType = sourcecode.swift; path = MatchDetailsView.swift; sourceTree = "<group>"; };
		17DB509F27C63F630062C2CF /* ESportsHub.app */ = {isa = PBXFileReference; explicitFileType = wrapper.application; includeInIndex = 0; path = ESportsHub.app; sourceTree = BUILT_PRODUCTS_DIR; };
		17DB50A227C63F630062C2CF /* ESportsHubApp.swift */ = {isa = PBXFileReference; lastKnownFileType = sourcecode.swift; path = ESportsHubApp.swift; sourceTree = "<group>"; };
		17DB50A627C63F670062C2CF /* Assets.xcassets */ = {isa = PBXFileReference; lastKnownFileType = folder.assetcatalog; path = Assets.xcassets; sourceTree = "<group>"; };
		17DB50A927C63F670062C2CF /* Preview Assets.xcassets */ = {isa = PBXFileReference; lastKnownFileType = folder.assetcatalog; path = "Preview Assets.xcassets"; sourceTree = "<group>"; };
		17DB50B127C66ADB0062C2CF /* APIError.swift */ = {isa = PBXFileReference; fileEncoding = 4; lastKnownFileType = sourcecode.swift; path = APIError.swift; sourceTree = "<group>"; };
		17DB50B227C66ADB0062C2CF /* APIService.swift */ = {isa = PBXFileReference; fileEncoding = 4; lastKnownFileType = sourcecode.swift; path = APIService.swift; sourceTree = "<group>"; };
		17DB50B527C66BE30062C2CF /* APIRequest.swift */ = {isa = PBXFileReference; lastKnownFileType = sourcecode.swift; path = APIRequest.swift; sourceTree = "<group>"; };
		17DB50B727C66FF80062C2CF /* APICreds.swift */ = {isa = PBXFileReference; lastKnownFileType = sourcecode.swift; path = APICreds.swift; sourceTree = "<group>"; };
		17DB50B927C679490062C2CF /* DotaMatchModel.swift */ = {isa = PBXFileReference; lastKnownFileType = sourcecode.swift; path = DotaMatchModel.swift; sourceTree = "<group>"; };
		17DB50BC27C67E810062C2CF /* MatchesView.swift */ = {isa = PBXFileReference; lastKnownFileType = sourcecode.swift; path = MatchesView.swift; sourceTree = "<group>"; };
		17DB50BF27C67F510062C2CF /* MatchesViewModel.swift */ = {isa = PBXFileReference; lastKnownFileType = sourcecode.swift; path = MatchesViewModel.swift; sourceTree = "<group>"; };
		17DB50C627C6900F0062C2CF /* MainViewModel.swift */ = {isa = PBXFileReference; fileEncoding = 4; lastKnownFileType = sourcecode.swift; path = MainViewModel.swift; sourceTree = "<group>"; };
		17DB50C727C6900F0062C2CF /* MainView.swift */ = {isa = PBXFileReference; fileEncoding = 4; lastKnownFileType = sourcecode.swift; path = MainView.swift; sourceTree = "<group>"; };
/* End PBXFileReference section */

/* Begin PBXFrameworksBuildPhase section */
		17DB509C27C63F630062C2CF /* Frameworks */ = {
			isa = PBXFrameworksBuildPhase;
			buildActionMask = 2147483647;
			files = (
			);
			runOnlyForDeploymentPostprocessing = 0;
		};
/* End PBXFrameworksBuildPhase section */

/* Begin PBXGroup section */
		17DB509627C63F630062C2CF = {
			isa = PBXGroup;
			children = (
				17DB50A127C63F630062C2CF /* ESportsHub */,
				17DB50A027C63F630062C2CF /* Products */,
			);
			sourceTree = "<group>";
		};
		17DB50A027C63F630062C2CF /* Products */ = {
			isa = PBXGroup;
			children = (
				17DB509F27C63F630062C2CF /* ESportsHub.app */,
			);
			name = Products;
			sourceTree = "<group>";
		};
		17DB50A127C63F630062C2CF /* ESportsHub */ = {
			isa = PBXGroup;
			children = (
				17DB50A227C63F630062C2CF /* ESportsHubApp.swift */,
				17DB50C727C6900F0062C2CF /* MainView.swift */,
				17DB50C627C6900F0062C2CF /* MainViewModel.swift */,
				17DB50BB27C679580062C2CF /* Models */,
				17DB50BE27C67F210062C2CF /* Views */,
				17DB50C127C67F5A0062C2CF /* ViewModel */,
				17DB50B027C66ADB0062C2CF /* Services */,
				17DB50A627C63F670062C2CF /* Assets.xcassets */,
				17DB50A827C63F670062C2CF /* Preview Content */,
			);
			path = ESportsHub;
			sourceTree = "<group>";
		};
		17DB50A827C63F670062C2CF /* Preview Content */ = {
			isa = PBXGroup;
			children = (
				17DB50A927C63F670062C2CF /* Preview Assets.xcassets */,
			);
			path = "Preview Content";
			sourceTree = "<group>";
		};
		17DB50B027C66ADB0062C2CF /* Services */ = {
			isa = PBXGroup;
			children = (
				17DB50B127C66ADB0062C2CF /* APIError.swift */,
				17DB50B227C66ADB0062C2CF /* APIService.swift */,
				17DB50B527C66BE30062C2CF /* APIRequest.swift */,
				17DB50B727C66FF80062C2CF /* APICreds.swift */,
			);
			path = Services;
			sourceTree = "<group>";
		};
		17DB50BB27C679580062C2CF /* Models */ = {
			isa = PBXGroup;
			children = (
				17DB50B927C679490062C2CF /* DotaMatchModel.swift */,
			);
			path = Models;
			sourceTree = "<group>";
		};
		17DB50BE27C67F210062C2CF /* Views */ = {
			isa = PBXGroup;
			children = (
				17DB50BC27C67E810062C2CF /* MatchesView.swift */,
				1731872227E0DFCC003B2489 /* MatchView.swift */,
				179A12FF2819583600B9D737 /* MatchDetailsView.swift */,
			);
			path = Views;
			sourceTree = "<group>";
		};
		17DB50C127C67F5A0062C2CF /* ViewModel */ = {
			isa = PBXGroup;
			children = (
				17DB50BF27C67F510062C2CF /* MatchesViewModel.swift */,
			);
			path = ViewModel;
			sourceTree = "<group>";
		};
/* End PBXGroup section */

/* Begin PBXNativeTarget section */
		17DB509E27C63F630062C2CF /* ESportsHub */ = {
			isa = PBXNativeTarget;
			buildConfigurationList = 17DB50AD27C63F670062C2CF /* Build configuration list for PBXNativeTarget "ESportsHub" */;
			buildPhases = (
				17DB509B27C63F630062C2CF /* Sources */,
				17DB509C27C63F630062C2CF /* Frameworks */,
				17DB509D27C63F630062C2CF /* Resources */,
			);
			buildRules = (
			);
			dependencies = (
			);
			name = ESportsHub;
			productName = ESportsHub;
			productReference = 17DB509F27C63F630062C2CF /* ESportsHub.app */;
			productType = "com.apple.product-type.application";
		};
/* End PBXNativeTarget section */

/* Begin PBXProject section */
		17DB509727C63F630062C2CF /* Project object */ = {
			isa = PBXProject;
			attributes = {
				BuildIndependentTargetsInParallel = 1;
				LastSwiftUpdateCheck = 1310;
				LastUpgradeCheck = 1310;
				TargetAttributes = {
					17DB509E27C63F630062C2CF = {
						CreatedOnToolsVersion = 13.1;
					};
				};
			};
			buildConfigurationList = 17DB509A27C63F630062C2CF /* Build configuration list for PBXProject "ESportsHub" */;
			compatibilityVersion = "Xcode 13.0";
			developmentRegion = en;
			hasScannedForEncodings = 0;
			knownRegions = (
				en,
				Base,
			);
			mainGroup = 17DB509627C63F630062C2CF;
			productRefGroup = 17DB50A027C63F630062C2CF /* Products */;
			projectDirPath = "";
			projectRoot = "";
			targets = (
				17DB509E27C63F630062C2CF /* ESportsHub */,
			);
		};
/* End PBXProject section */

/* Begin PBXResourcesBuildPhase section */
		17DB509D27C63F630062C2CF /* Resources */ = {
			isa = PBXResourcesBuildPhase;
			buildActionMask = 2147483647;
			files = (
				17DB50AA27C63F670062C2CF /* Preview Assets.xcassets in Resources */,
				17DB50A727C63F670062C2CF /* Assets.xcassets in Resources */,
			);
			runOnlyForDeploymentPostprocessing = 0;
		};
/* End PBXResourcesBuildPhase section */

/* Begin PBXSourcesBuildPhase section */
		17DB509B27C63F630062C2CF /* Sources */ = {
			isa = PBXSourcesBuildPhase;
			buildActionMask = 2147483647;
			files = (
				17DB50B827C66FF80062C2CF /* APICreds.swift in Sources */,
				17DB50A327C63F630062C2CF /* ESportsHubApp.swift in Sources */,
				17DB50C027C67F510062C2CF /* MatchesViewModel.swift in Sources */,
				179A13002819583600B9D737 /* MatchDetailsView.swift in Sources */,
				17DB50C927C6900F0062C2CF /* MainView.swift in Sources */,
				17DB50B427C66ADB0062C2CF /* APIService.swift in Sources */,
				17DB50BD27C67E810062C2CF /* MatchesView.swift in Sources */,
				17DB50B627C66BE30062C2CF /* APIRequest.swift in Sources */,
				17DB50BA27C679490062C2CF /* DotaMatchModel.swift in Sources */,
				17DB50B327C66ADB0062C2CF /* APIError.swift in Sources */,
				17DB50C827C6900F0062C2CF /* MainViewModel.swift in Sources */,
				1731872327E0DFCC003B2489 /* MatchView.swift in Sources */,
			);
			runOnlyForDeploymentPostprocessing = 0;
		};
/* End PBXSourcesBuildPhase section */

/* Begin XCBuildConfiguration section */
		17DB50AB27C63F670062C2CF /* Debug */ = {
			isa = XCBuildConfiguration;
			buildSettings = {
				ALWAYS_SEARCH_USER_PATHS = NO;
				CLANG_ANALYZER_NONNULL = YES;
				CLANG_ANALYZER_NUMBER_OBJECT_CONVERSION = YES_AGGRESSIVE;
				CLANG_CXX_LANGUAGE_STANDARD = "gnu++17";
				CLANG_CXX_LIBRARY = "libc++";
				CLANG_ENABLE_MODULES = YES;
				CLANG_ENABLE_OBJC_ARC = YES;
				CLANG_ENABLE_OBJC_WEAK = YES;
				CLANG_WARN_BLOCK_CAPTURE_AUTORELEASING = YES;
				CLANG_WARN_BOOL_CONVERSION = YES;
				CLANG_WARN_COMMA = YES;
				CLANG_WARN_CONSTANT_CONVERSION = YES;
				CLANG_WARN_DEPRECATED_OBJC_IMPLEMENTATIONS = YES;
				CLANG_WARN_DIRECT_OBJC_ISA_USAGE = YES_ERROR;
				CLANG_WARN_DOCUMENTATION_COMMENTS = YES;
				CLANG_WARN_EMPTY_BODY = YES;
				CLANG_WARN_ENUM_CONVERSION = YES;
				CLANG_WARN_INFINITE_RECURSION = YES;
				CLANG_WARN_INT_CONVERSION = YES;
				CLANG_WARN_NON_LITERAL_NULL_CONVERSION = YES;
				CLANG_WARN_OBJC_IMPLICIT_RETAIN_SELF = YES;
				CLANG_WARN_OBJC_LITERAL_CONVERSION = YES;
				CLANG_WARN_OBJC_ROOT_CLASS = YES_ERROR;
				CLANG_WARN_QUOTED_INCLUDE_IN_FRAMEWORK_HEADER = YES;
				CLANG_WARN_RANGE_LOOP_ANALYSIS = YES;
				CLANG_WARN_STRICT_PROTOTYPES = YES;
				CLANG_WARN_SUSPICIOUS_MOVE = YES;
				CLANG_WARN_UNGUARDED_AVAILABILITY = YES_AGGRESSIVE;
				CLANG_WARN_UNREACHABLE_CODE = YES;
				CLANG_WARN__DUPLICATE_METHOD_MATCH = YES;
				COPY_PHASE_STRIP = NO;
				DEBUG_INFORMATION_FORMAT = dwarf;
				ENABLE_STRICT_OBJC_MSGSEND = YES;
				ENABLE_TESTABILITY = YES;
				GCC_C_LANGUAGE_STANDARD = gnu11;
				GCC_DYNAMIC_NO_PIC = NO;
				GCC_NO_COMMON_BLOCKS = YES;
				GCC_OPTIMIZATION_LEVEL = 0;
				GCC_PREPROCESSOR_DEFINITIONS = (
					"DEBUG=1",
					"$(inherited)",
				);
				GCC_WARN_64_TO_32_BIT_CONVERSION = YES;
				GCC_WARN_ABOUT_RETURN_TYPE = YES_ERROR;
				GCC_WARN_UNDECLARED_SELECTOR = YES;
				GCC_WARN_UNINITIALIZED_AUTOS = YES_AGGRESSIVE;
				GCC_WARN_UNUSED_FUNCTION = YES;
				GCC_WARN_UNUSED_VARIABLE = YES;
				IPHONEOS_DEPLOYMENT_TARGET = 15.0;
				MTL_ENABLE_DEBUG_INFO = INCLUDE_SOURCE;
				MTL_FAST_MATH = YES;
				ONLY_ACTIVE_ARCH = YES;
				SDKROOT = iphoneos;
				SWIFT_ACTIVE_COMPILATION_CONDITIONS = DEBUG;
				SWIFT_OPTIMIZATION_LEVEL = "-Onone";
			};
			name = Debug;
		};
		17DB50AC27C63F670062C2CF /* Release */ = {
			isa = XCBuildConfiguration;
			buildSettings = {
				ALWAYS_SEARCH_USER_PATHS = NO;
				CLANG_ANALYZER_NONNULL = YES;
				CLANG_ANALYZER_NUMBER_OBJECT_CONVERSION = YES_AGGRESSIVE;
				CLANG_CXX_LANGUAGE_STANDARD = "gnu++17";
				CLANG_CXX_LIBRARY = "libc++";
				CLANG_ENABLE_MODULES = YES;
				CLANG_ENABLE_OBJC_ARC = YES;
				CLANG_ENABLE_OBJC_WEAK = YES;
				CLANG_WARN_BLOCK_CAPTURE_AUTORELEASING = YES;
				CLANG_WARN_BOOL_CONVERSION = YES;
				CLANG_WARN_COMMA = YES;
				CLANG_WARN_CONSTANT_CONVERSION = YES;
				CLANG_WARN_DEPRECATED_OBJC_IMPLEMENTATIONS = YES;
				CLANG_WARN_DIRECT_OBJC_ISA_USAGE = YES_ERROR;
				CLANG_WARN_DOCUMENTATION_COMMENTS = YES;
				CLANG_WARN_EMPTY_BODY = YES;
				CLANG_WARN_ENUM_CONVERSION = YES;
				CLANG_WARN_INFINITE_RECURSION = YES;
				CLANG_WARN_INT_CONVERSION = YES;
				CLANG_WARN_NON_LITERAL_NULL_CONVERSION = YES;
				CLANG_WARN_OBJC_IMPLICIT_RETAIN_SELF = YES;
				CLANG_WARN_OBJC_LITERAL_CONVERSION = YES;
				CLANG_WARN_OBJC_ROOT_CLASS = YES_ERROR;
				CLANG_WARN_QUOTED_INCLUDE_IN_FRAMEWORK_HEADER = YES;
				CLANG_WARN_RANGE_LOOP_ANALYSIS = YES;
				CLANG_WARN_STRICT_PROTOTYPES = YES;
				CLANG_WARN_SUSPICIOUS_MOVE = YES;
				CLANG_WARN_UNGUARDED_AVAILABILITY = YES_AGGRESSIVE;
				CLANG_WARN_UNREACHABLE_CODE = YES;
				CLANG_WARN__DUPLICATE_METHOD_MATCH = YES;
				COPY_PHASE_STRIP = NO;
				DEBUG_INFORMATION_FORMAT = "dwarf-with-dsym";
				ENABLE_NS_ASSERTIONS = NO;
				ENABLE_STRICT_OBJC_MSGSEND = YES;
				GCC_C_LANGUAGE_STANDARD = gnu11;
				GCC_NO_COMMON_BLOCKS = YES;
				GCC_WARN_64_TO_32_BIT_CONVERSION = YES;
				GCC_WARN_ABOUT_RETURN_TYPE = YES_ERROR;
				GCC_WARN_UNDECLARED_SELECTOR = YES;
				GCC_WARN_UNINITIALIZED_AUTOS = YES_AGGRESSIVE;
				GCC_WARN_UNUSED_FUNCTION = YES;
				GCC_WARN_UNUSED_VARIABLE = YES;
				IPHONEOS_DEPLOYMENT_TARGET = 15.0;
				MTL_ENABLE_DEBUG_INFO = NO;
				MTL_FAST_MATH = YES;
				SDKROOT = iphoneos;
				SWIFT_COMPILATION_MODE = wholemodule;
				SWIFT_OPTIMIZATION_LEVEL = "-O";
				VALIDATE_PRODUCT = YES;
			};
			name = Release;
		};
		17DB50AE27C63F670062C2CF /* Debug */ = {
			isa = XCBuildConfiguration;
			buildSettings = {
				ASSETCATALOG_COMPILER_APPICON_NAME = AppIcon;
				ASSETCATALOG_COMPILER_GLOBAL_ACCENT_COLOR_NAME = AccentColor;
				CODE_SIGN_STYLE = Automatic;
				CURRENT_PROJECT_VERSION = 1;
				DEVELOPMENT_ASSET_PATHS = "\"ESportsHub/Preview Content\"";
				DEVELOPMENT_TEAM = 25FS7KFAQF;
				ENABLE_PREVIEWS = YES;
				GENERATE_INFOPLIST_FILE = YES;
				INFOPLIST_KEY_UIApplicationSceneManifest_Generation = YES;
				INFOPLIST_KEY_UIApplicationSupportsIndirectInputEvents = YES;
				INFOPLIST_KEY_UILaunchScreen_Generation = YES;
				INFOPLIST_KEY_UISupportedInterfaceOrientations_iPad = "UIInterfaceOrientationPortrait UIInterfaceOrientationPortraitUpsideDown UIInterfaceOrientationLandscapeLeft UIInterfaceOrientationLandscapeRight";
				INFOPLIST_KEY_UISupportedInterfaceOrientations_iPhone = "UIInterfaceOrientationPortrait UIInterfaceOrientationLandscapeLeft UIInterfaceOrientationLandscapeRight";
				LD_RUNPATH_SEARCH_PATHS = (
					"$(inherited)",
					"@executable_path/Frameworks",
				);
				MARKETING_VERSION = 1.0;
				PRODUCT_BUNDLE_IDENTIFIER = "N-A.ESportsHub";
				PRODUCT_NAME = "$(TARGET_NAME)";
				SWIFT_EMIT_LOC_STRINGS = YES;
				SWIFT_VERSION = 5.0;
				TARGETED_DEVICE_FAMILY = "1,2";
			};
			name = Debug;
		};
		17DB50AF27C63F670062C2CF /* Release */ = {
			isa = XCBuildConfiguration;
			buildSettings = {
				ASSETCATALOG_COMPILER_APPICON_NAME = AppIcon;
				ASSETCATALOG_COMPILER_GLOBAL_ACCENT_COLOR_NAME = AccentColor;
				CODE_SIGN_STYLE = Automatic;
				CURRENT_PROJECT_VERSION = 1;
				DEVELOPMENT_ASSET_PATHS = "\"ESportsHub/Preview Content\"";
				DEVELOPMENT_TEAM = 25FS7KFAQF;
				ENABLE_PREVIEWS = YES;
				GENERATE_INFOPLIST_FILE = YES;
				INFOPLIST_KEY_UIApplicationSceneManifest_Generation = YES;
				INFOPLIST_KEY_UIApplicationSupportsIndirectInputEvents = YES;
				INFOPLIST_KEY_UILaunchScreen_Generation = YES;
				INFOPLIST_KEY_UISupportedInterfaceOrientations_iPad = "UIInterfaceOrientationPortrait UIInterfaceOrientationPortraitUpsideDown UIInterfaceOrientationLandscapeLeft UIInterfaceOrientationLandscapeRight";
				INFOPLIST_KEY_UISupportedInterfaceOrientations_iPhone = "UIInterfaceOrientationPortrait UIInterfaceOrientationLandscapeLeft UIInterfaceOrientationLandscapeRight";
				LD_RUNPATH_SEARCH_PATHS = (
					"$(inherited)",
					"@executable_path/Frameworks",
				);
				MARKETING_VERSION = 1.0;
				PRODUCT_BUNDLE_IDENTIFIER = "N-A.ESportsHub";
				PRODUCT_NAME = "$(TARGET_NAME)";
				SWIFT_EMIT_LOC_STRINGS = YES;
				SWIFT_VERSION = 5.0;
				TARGETED_DEVICE_FAMILY = "1,2";
			};
			name = Release;
		};
/* End XCBuildConfiguration section */

/* Begin XCConfigurationList section */
		17DB509A27C63F630062C2CF /* Build configuration list for PBXProject "ESportsHub" */ = {
			isa = XCConfigurationList;
			buildConfigurations = (
				17DB50AB27C63F670062C2CF /* Debug */,
				17DB50AC27C63F670062C2CF /* Release */,
			);
			defaultConfigurationIsVisible = 0;
			defaultConfigurationName = Release;
		};
		17DB50AD27C63F670062C2CF /* Build configuration list for PBXNativeTarget "ESportsHub" */ = {
			isa = XCConfigurationList;
			buildConfigurations = (
				17DB50AE27C63F670062C2CF /* Debug */,
				17DB50AF27C63F670062C2CF /* Release */,
			);
			defaultConfigurationIsVisible = 0;
			defaultConfigurationName = Release;
		};
/* End XCConfigurationList section */
	};
	rootObject = 17DB509727C63F630062C2CF /* Project object */;
}
